version = 1
revision = 3
requires-python = ">=3.14"

[[package]]
name = "cantera"
version = "3.2.0"
source = { registry = "https://pypi.org/simple" }
dependencies = [
    { name = "numpy" },
    { name = "ruamel-yaml" },
    { name = "typing-extensions" },
]
sdist = { url = "https://files.pythonhosted.org/packages/1e/f1/b68fa5512d77ed86b48b57f3a2cd947590a432f56fe9877a38d9fa3b4bd7/cantera-3.2.0.tar.gz", hash = "sha256:d811175e052251a7d2ea70f60fa19a5b8a61bf32d3b5565d2404b22ba57d8d41", size = 1623397, upload-time = "2025-11-18T01:14:18.94Z" }
wheels = [
    { url = "https://files.pythonhosted.org/packages/bc/9f/44c8315ef53fdfc03b4a4244fd3759b447790d1cd4c9345f7fd254b27e9b/cantera-3.2.0-cp314-cp314-macosx_10_15_x86_64.whl", hash = "sha256:0fcd3d62d8b1fd740ba149ae6a0b5a2673061336d31c60d526d0349826cd2793", size = 6270332, upload-time = "2025-11-18T01:13:54.368Z" },
    { url = "https://files.pythonhosted.org/packages/c3/50/daec99f5a09f1f61696816fb42c8128b6ebf515855138a0e3f06cc6b59f5/cantera-3.2.0-cp314-cp314-macosx_11_0_arm64.whl", hash = "sha256:63c2a3fb5856796eef1fe9b9b65ac688863e805ccdb0c9dee0ee6410d63c896b", size = 5471960, upload-time = "2025-11-18T01:13:56.322Z" },
    { url = "https://files.pythonhosted.org/packages/88/c8/50d5a7489f10782aaaacdff147154fc6e445889c93609f4c936a0ceb8c38/cantera-3.2.0-cp314-cp314-manylinux_2_28_aarch64.whl", hash = "sha256:fb9a60319b1a090a107fe7cdaa9ef235bad5a8fc6780f83176605de2ec2c09ba", size = 11856620, upload-time = "2025-11-18T01:13:58.773Z" },
    { url = "https://files.pythonhosted.org/packages/4e/bf/5a267a658e528f112fdc120bcdefb1692c12134454819c7bb6d5fc342cf8/cantera-3.2.0-cp314-cp314-manylinux_2_28_x86_64.whl", hash = "sha256:01a92b2aa3db4b239ff4380c229283baf34f557afbb0409dc863d4204b88d0ff", size = 19307436, upload-time = "2025-11-18T01:14:02.074Z" },
    { url = "https://files.pythonhosted.org/packages/0b/07/da23437993f06e6251dddf2e3fa8cb8b12ded3955d034b25c925a74ad47e/cantera-3.2.0-cp314-cp314-win_amd64.whl", hash = "sha256:ab7743909ee95ae46b46c36c96f029a32b2f28f8528d175495ce4ecb76d34314", size = 5283229, upload-time = "2025-11-18T01:14:04.807Z" },
    { url = "https://files.pythonhosted.org/packages/2e/28/6c69120f444f8a06077fe74c6f1e64bc7c5952100fb81c9cc03bda9d42a0/cantera-3.2.0-cp314-cp314t-macosx_10_15_x86_64.whl", hash = "sha256:a9125e99d93c1810341ae9389dd0bb5ae41f0e7d3a6d7392634d872914d3980a", size = 6354783, upload-time = "2025-11-18T01:14:07.208Z" },
    { url = "https://files.pythonhosted.org/packages/ee/5a/eddaa256814c74b1ee14b3a5c6189db22e9a6d7856e4223584faac82e6fe/cantera-3.2.0-cp314-cp314t-macosx_11_0_arm64.whl", hash = "sha256:e11a218359b6b21123f5f2701f72bacc17581f2acbbbdff121e723499d9cf591", size = 5594649, upload-time = "2025-11-18T01:14:10.028Z" },
    { url = "https://files.pythonhosted.org/packages/39/ff/ea9e4a7e09ede234b1f8f987003cde62a9fa242f0157d1343a7ced3e37ca/cantera-3.2.0-cp314-cp314t-manylinux_2_28_aarch64.whl", hash = "sha256:fbdca971caa5df204cf077523fc6d7d9bbfed1cb40d7b3f2e48958088d9853c0", size = 11844365, upload-time = "2025-11-18T01:14:12.868Z" },
    { url = "https://files.pythonhosted.org/packages/47/e9/9a44ca1002e2f5cf7432b8fda05c6721f4b6ca696ac76b8f37f8bc4d1ee6/cantera-3.2.0-cp314-cp314t-manylinux_2_28_x86_64.whl", hash = "sha256:45b13e4232efde00e279b56ef09225d88d54b06260afec27bac2631caa4c5786", size = 19290981, upload-time = "2025-11-18T01:14:16.474Z" },
]

[[package]]
name = "llvmlite"
version = "0.47.0"
source = { registry = "https://pypi.org/simple" }
sdist = { url = "https://files.pythonhosted.org/packages/01/88/a8952b6d5c21e74cbf158515b779666f692846502623e9e3c39d8e8ba25f/llvmlite-0.47.0.tar.gz", hash = "sha256:62031ce968ec74e95092184d4b0e857e444f8fdff0b8f9213707699570c33ccc", size = 193614, upload-time = "2026-03-31T18:29:53.497Z" }
wheels = [
    { url = "https://files.pythonhosted.org/packages/1c/d4/33c8af00f0bf6f552d74f3a054f648af2c5bc6bece97972f3bfadce4f5ec/llvmlite-0.47.0-cp314-cp314-macosx_12_0_arm64.whl", hash = "sha256:de966c626c35c9dff5ae7bf12db25637738d0df83fc370cf793bc94d43d92d14", size = 37232773, upload-time = "2026-03-31T18:29:19.453Z" },
    { url = "https://files.pythonhosted.org/packages/64/1d/a760e993e0c0ba6db38d46b9f48f6c7dceb8ac838824997fb9e25f97bc04/llvmlite-0.47.0-cp314-cp314-manylinux2014_x86_64.manylinux_2_17_x86_64.whl", hash = "sha256:ddbccff2aeaff8670368340a158abefc032fe9b3ccf7d9c496639263d00151aa", size = 56275176, upload-time = "2026-03-31T18:29:24.149Z" },
    { url = "https://files.pythonhosted.org/packages/84/3b/e679bc3b29127182a7f4aa2d2e9e5bea42adb93fb840484147d59c236299/llvmlite-0.47.0-cp314-cp314-manylinux_2_27_aarch64.manylinux_2_28_aarch64.whl", hash = "sha256:d4a7b778a2e144fc64468fb9bf509ac1226c9813a00b4d7afea5d988c4e22fca", size = 55128631, upload-time = "2026-03-31T18:29:29.536Z" },
    { url = "https://files.pythonhosted.org/packages/be/f7/19e2a09c62809c9e63bbd14ce71fb92c6ff7b7b3045741bb00c781efc3c9/llvmlite-0.47.0-cp314-cp314-win_amd64.whl", hash = "sha256:694e3c2cdc472ed2bd8bd4555ca002eec4310961dd58ef791d508f57b5cc4c94", size = 39153826, upload-time = "2026-03-31T18:29:33.681Z" },
    { url = "https://files.pythonhosted.org/packages/40/a1/581a8c707b5e80efdbbe1dd94527404d33fe50bceb71f39d5a7e11bd57b7/llvmlite-0.47.0-cp314-cp314t-macosx_12_0_arm64.whl", hash = "sha256:92ec8a169a20b473c1c54d4695e371bde36489fc1efa3688e11e99beba0abf9c", size = 37232772, upload-time = "2026-03-31T18:29:37.952Z" },
    { url = "https://files.pythonhosted.org/packages/11/03/16090dd6f74ba2b8b922276047f15962fbeea0a75d5601607edb301ba945/llvmlite-0.47.0-cp314-cp314t-manylinux2014_x86_64.manylinux_2_17_x86_64.whl", hash = "sha256:fa1cbd800edd3b20bc141521f7fd45a6185a5b84109aa6855134e81397ffe72b", size = 56275178, upload-time = "2026-03-31T18:29:42.58Z" },
    { url = "https://files.pythonhosted.org/packages/f5/cb/0abf1dd4c5286a95ffe0c1d8c67aec06b515894a0dd2ac97f5e27b82ab0b/llvmlite-0.47.0-cp314-cp314t-manylinux_2_27_aarch64.manylinux_2_28_aarch64.whl", hash = "sha256:f6725179b89f03b17dabe236ff3422cb8291b4c1bf40af152826dfd34e350ae8", size = 55128632, upload-time = "2026-03-31T18:29:46.939Z" },
    { url = "https://files.pythonhosted.org/packages/4f/79/d3bbab197e86e0ff4f9c07122895b66a3e0d024247fcff7f12c473cb36d9/llvmlite-0.47.0-cp314-cp314t-win_amd64.whl", hash = "sha256:6842cf6f707ec4be3d985a385ad03f72b2d724439e118fcbe99b2929964f0453", size = 39153839, upload-time = "2026-03-31T18:29:51.004Z" },
]

[[package]]
name = "numba"
version = "0.65.0"
source = { registry = "https://pypi.org/simple" }
dependencies = [
    { name = "llvmlite" },
    { name = "numpy" },
]
sdist = { url = "https://files.pythonhosted.org/packages/49/61/7299643b9c18d669e04be7c5bcb64d985070d07553274817b45b049e7bfe/numba-0.65.0.tar.gz", hash = "sha256:edad0d9f6682e93624c00125a471ae4df186175d71fd604c983c377cdc03e68b", size = 2764131, upload-time = "2026-04-01T03:52:01.946Z" }
wheels = [
    { url = "https://files.pythonhosted.org/packages/56/a4/90edb01e9176053578e343d7a7276bc28356741ee67059aed8ed2c1a4e59/numba-0.65.0-cp314-cp314-macosx_12_0_arm64.whl", hash = "sha256:ee336b398a6fca51b1f626034de99f50cb1bd87d537a166275158a3cee744b82", size = 2680878, upload-time = "2026-04-01T03:51:46.91Z" },
    { url = "https://files.pythonhosted.org/packages/24/8d/e12d6ff4b9119db3cbf7b2db1ce257576441bd3c76388c786dea74f20b02/numba-0.65.0-cp314-cp314-manylinux2014_x86_64.manylinux_2_17_x86_64.whl", hash = "sha256:05c0a9fdf75d85f57dee47b719e8d6415707b80aae45d75f63f9dc1b935c29f7", size = 3778456, upload-time = "2026-04-01T03:51:48.552Z" },
    { url = "https://files.pythonhosted.org/packages/17/89/abcd83e76f6a773276fe76244140671bcc5bf820f6e2ae1a15362ae4c8c9/numba-0.65.0-cp314-cp314-manylinux_2_27_aarch64.manylinux_2_28_aarch64.whl", hash = "sha256:583680e0e8faf124d362df23b4b593f3221a8996341a63d1b664c122401bec2f", size = 3478464, upload-time = "2026-04-01T03:51:50.527Z" },
    { url = "https://files.pythonhosted.org/packages/73/5b/fbce55ce3d933afbc7ade04df826853e4a846aaa47d58d2fbb669b8f2d08/numba-0.65.0-cp314-cp314-win_amd64.whl", hash = "sha256:add297d3e1c08dd884f44100152612fa41e66a51d15fdf91307f9dde31d06830", size = 2752012, upload-time = "2026-04-01T03:51:52.691Z" },
    { url = "https://files.pythonhosted.org/packages/1e/ab/af705f4257d9388fb2fd6d7416573e98b6ca9c786e8b58f02720978557bd/numba-0.65.0-cp314-cp314t-macosx_12_0_arm64.whl", hash = "sha256:194a243ba53a9157c8538cbb3166ec015d785a8c5d584d06cdd88bee902233c7", size = 2683961, upload-time = "2026-04-01T03:51:54.281Z" },
    { url = "https://files.pythonhosted.org/packages/ff/e5/8267b0adb0c01b52b553df5062fbbb42c30ed5362d08b85cc913a36f838f/numba-0.65.0-cp314-cp314t-manylinux2014_x86_64.manylinux_2_17_x86_64.whl", hash = "sha256:c7fa502960f7a2f3f5cb025bc7bff888a3551277b92431bfdc5ba2f11a375749", size = 3816373, upload-time = "2026-04-01T03:51:56.18Z" },
    { url = "https://files.pythonhosted.org/packages/b0/f5/b8397ca360971669a93706b9274592b6864e4367a37d498fbbcb62aa2d48/numba-0.65.0-cp314-cp314t-manylinux_2_27_aarch64.manylinux_2_28_aarch64.whl", hash = "sha256:5046c63f783ca3eb6195f826a50797465e7c4ce811daa17c9bea47e310c9b964", size = 3532782, upload-time = "2026-04-01T03:51:58.387Z" },
    { url = "https://files.pythonhosted.org/packages/f5/21/1e73fa16bf0393ebb74c5bb208d712152ffdfc84600a8e93a3180317856e/numba-0.65.0-cp314-cp314t-win_amd64.whl", hash = "sha256:46fd679ae4f68c7a5d5721efbd29ecee0b0f3013211591891d79b51bfdf73113", size = 2757611, upload-time = "2026-04-01T03:52:00.083Z" },
]

[[package]]
name = "numpy"
version = "2.4.4"
source = { registry = "https://pypi.org/simple" }
sdist = { url = "https://files.pythonhosted.org/packages/d7/9f/b8cef5bffa569759033adda9481211426f12f53299629b410340795c2514/numpy-2.4.4.tar.gz", hash = "sha256:2d390634c5182175533585cc89f3608a4682ccb173cc9bb940b2881c8d6f8fa0", size = 20731587, upload-time = "2026-03-29T13:22:01.298Z" }
wheels = [
    { url = "https://files.pythonhosted.org/packages/6e/06/c54062f85f673dd5c04cbe2f14c3acb8c8b95e3384869bb8cc9bff8cb9df/numpy-2.4.4-cp314-cp314-macosx_10_15_x86_64.whl", hash = "sha256:f169b9a863d34f5d11b8698ead99febeaa17a13ca044961aa8e2662a6c7766a0", size = 16684353, upload-time = "2026-03-29T13:20:29.504Z" },
    { url = "https://files.pythonhosted.org/packages/4c/39/8a320264a84404c74cc7e79715de85d6130fa07a0898f67fb5cd5bd79908/numpy-2.4.4-cp314-cp314-macosx_11_0_arm64.whl", hash = "sha256:2483e4584a1cb3092da4470b38866634bafb223cbcd551ee047633fd2584599a", size = 14704914, upload-time = "2026-03-29T13:20:33.547Z" },
    { url = "https://files.pythonhosted.org/packages/91/fb/287076b2614e1d1044235f50f03748f31fa287e3dbe6abeb35cdfa351eca/numpy-2.4.4-cp314-cp314-macosx_14_0_arm64.whl", hash = "sha256:2d19e6e2095506d1736b7d80595e0f252d76b89f5e715c35e06e937679ea7d7a", size = 5210005, upload-time = "2026-03-29T13:20:36.45Z" },
    { url = "https://files.pythonhosted.org/packages/63/eb/fcc338595309910de6ecabfcef2419a9ce24399680bfb149421fa2df1280/numpy-2.4.4-cp314-cp314-macosx_14_0_x86_64.whl", hash = "sha256:6a246d5914aa1c820c9443ddcee9c02bec3e203b0c080349533fae17727dfd1b", size = 6544974, upload-time = "2026-03-29T13:20:39.014Z" },
    { url = "https://files.pythonhosted.org/packages/44/5d/e7e9044032a716cdfaa3fba27a8e874bf1c5f1912a1ddd4ed071bf8a14a6/numpy-2.4.4-cp314-cp314-manylinux_2_27_aarch64.manylinux_2_28_aarch64.whl", hash = "sha256:989824e9faf85f96ec9c7761cd8d29c531ad857bfa1daa930cba85baaecf1a9a", size = 15684591, upload-time = "2026-03-29T13:20:42.146Z" },
    { url = "https://files.pythonhosted.org/packages/98/7c/21252050676612625449b4807d6b695b9ce8a7c9e1c197ee6216c8a65c7c/numpy-2.4.4-cp314-cp314-manylinux_2_27_x86_64.manylinux_2_28_x86_64.whl", hash = "sha256:27a8d92cd10f1382a67d7cf4db7ce18341b66438bdd9f691d7b0e48d104c2a9d", size = 16637700, upload-time = "2026-03-29T13:20:46.204Z" },
    { url = "https://files.pythonhosted.org/packages/b1/29/56d2bbef9465db24ef25393383d761a1af4f446a1df9b8cded4fe3a5a5d7/numpy-2.4.4-cp314-cp314-musllinux_1_2_aarch64.whl", hash = "sha256:e44319a2953c738205bf3354537979eaa3998ed673395b964c1176083dd46252", size = 17035781, upload-time = "2026-03-29T13:20:50.242Z" },
    { url = "https://files.pythonhosted.org/packages/e3/2b/a35a6d7589d21f44cea7d0a98de5ddcbb3d421b2622a5c96b1edf18707c3/numpy-2.4.4-cp314-cp314-musllinux_1_2_x86_64.whl", hash = "sha256:e892aff75639bbef0d2a2cfd55535510df26ff92f63c92cd84ef8d4ba5a5557f", size = 18362959, upload-time = "2026-03-29T13:20:54.019Z" },
    { url = "https://files.pythonhosted.org/packages/64/c9/d52ec581f2390e0f5f85cbfd80fb83d965fc15e9f0e1aec2195faa142cde/numpy-2.4.4-cp314-cp314-win32.whl", hash = "sha256:1378871da56ca8943c2ba674530924bb8ca40cd228358a3b5f302ad60cf875fc", size = 6008768, upload-time = "2026-03-29T13:20:56.912Z" },
    { url = "https://files.pythonhosted.org/packages/fa/22/4cc31a62a6c7b74a8730e31a4274c5dc80e005751e277a2ce38e675e4923/numpy-2.4.4-cp314-cp314-win_amd64.whl", hash = "sha256:715d1c092715954784bc79e1174fc2a90093dc4dc84ea15eb14dad8abdcdeb74", size = 12449181, upload-time = "2026-03-29T13:20:59.548Z" },
    { url = "https://files.pythonhosted.org/packages/70/2e/14cda6f4d8e396c612d1bf97f22958e92148801d7e4f110cabebdc0eef4b/numpy-2.4.4-cp314-cp314-win_arm64.whl", hash = "sha256:2c194dd721e54ecad9ad387c1d35e63dce5c4450c6dc7dd5611283dda239aabb", size = 10496035, upload-time = "2026-03-29T13:21:02.524Z" },
    { url = "https://files.pythonhosted.org/packages/b1/e8/8fed8c8d848d7ecea092dc3469643f9d10bc3a134a815a3b033da1d2039b/numpy-2.4.4-cp314-cp314t-macosx_11_0_arm64.whl", hash = "sha256:2aa0613a5177c264ff5921051a5719d20095ea586ca88cc802c5c218d1c67d3e", size = 14824958, upload-time = "2026-03-29T13:21:05.671Z" },
    { url = "https://files.pythonhosted.org/packages/05/1a/d8007a5138c179c2bf33ef44503e83d70434d2642877ee8fbb230e7c0548/numpy-2.4.4-cp314-cp314t-macosx_14_0_arm64.whl", hash = "sha256:42c16925aa5a02362f986765f9ebabf20de75cdefdca827d14315c568dcab113", size = 5330020, upload-time = "2026-03-29T13:21:08.635Z" },
    { url = "https://files.pythonhosted.org/packages/99/64/ffb99ac6ae93faf117bcbd5c7ba48a7f45364a33e8e458545d3633615dda/numpy-2.4.4-cp314-cp314t-macosx_14_0_x86_64.whl", hash = "sha256:874f200b2a981c647340f841730fc3a2b54c9d940566a3c4149099591e2c4c3d", size = 6650758, upload-time = "2026-03-29T13:21:10.949Z" },
    { url = "https://files.pythonhosted.org/packages/6e/6e/795cc078b78a384052e73b2f6281ff7a700e9bf53bcce2ee579d4f6dd879/numpy-2.4.4-cp314-cp314t-manylinux_2_27_aarch64.manylinux_2_28_aarch64.whl", hash = "sha256:c9b39d38a9bd2ae1becd7eac1303d031c5c110ad31f2b319c6e7d98b135c934d", size = 15729948, upload-time = "2026-03-29T13:21:14.047Z" },
    { url = "https://files.pythonhosted.org/packages/5f/86/2acbda8cc2af5f3d7bfc791192863b9e3e19674da7b5e533fded124d1299/numpy-2.4.4-cp314-cp314t-manylinux_2_27_x86_64.manylinux_2_28_x86_64.whl", hash = "sha256:b268594bccac7d7cf5844c7732e3f20c50921d94e36d7ec9b79e9857694b1b2f", size = 16679325, upload-time = "2026-03-29T13:21:17.561Z" },
    { url = "https://files.pythonhosted.org/packages/bc/59/cafd83018f4aa55e0ac6fa92aa066c0a1877b77a615ceff1711c260ffae8/numpy-2.4.4-cp314-cp314t-musllinux_1_2_aarch64.whl", hash = "sha256:ac6b31e35612a26483e20750126d30d0941f949426974cace8e6b5c58a3657b0", size = 17084883, upload-time = "2026-03-29T13:21:21.106Z" },
    { url = "https://files.pythonhosted.org/packages/f0/85/a42548db84e65ece46ab2caea3d3f78b416a47af387fcbb47ec28e660dc2/numpy-2.4.4-cp314-cp314t-musllinux_1_2_x86_64.whl", hash = "sha256:8e3ed142f2728df44263aaf5fb1f5b0b99f4070c553a0d7f033be65338329150", size = 18403474, upload-time = "2026-03-29T13:21:24.828Z" },
    { url = "https://files.pythonhosted.org/packages/ed/ad/483d9e262f4b831000062e5d8a45e342166ec8aaa1195264982bca267e62/numpy-2.4.4-cp314-cp314t-win32.whl", hash = "sha256:dddbbd259598d7240b18c9d87c56a9d2fb3b02fe266f49a7c101532e78c1d871", size = 6155500, upload-time = "2026-03-29T13:21:28.205Z" },
    { url = "https://files.pythonhosted.org/packages/c7/03/2fc4e14c7bd4ff2964b74ba90ecb8552540b6315f201df70f137faa5c589/numpy-2.4.4-cp314-cp314t-win_amd64.whl", hash = "sha256:a7164afb23be6e37ad90b2f10426149fd75aee07ca55653d2aa41e66c4ef697e", size = 12637755, upload-time = "2026-03-29T13:21:31.107Z" },
    { url = "https://files.pythonhosted.org/packages/58/78/548fb8e07b1a341746bfbecb32f2c268470f45fa028aacdbd10d9bc73aab/numpy-2.4.4-cp314-cp314t-win_arm64.whl", hash = "sha256:ba203255017337d39f89bdd58417f03c4426f12beed0440cfd933cb15f8669c7", size = 10566643, upload-time = "2026-03-29T13:21:34.339Z" },
]

[[package]]
name = "numpy-typing-compat"
version = "20251206.2.4"
source = { registry = "https://pypi.org/simple" }
dependencies = [
    { name = "numpy" },
]
sdist = { url = "https://files.pythonhosted.org/packages/42/5f/29fd5f29b0a5d96e2def96ecba3112fc330ecd16e8c97c2b332563c5e201/numpy_typing_compat-20251206.2.4.tar.gz", hash = "sha256:59882d23aaff054a2536da80564012cdce33487657be4d79c5925bb8705fcabc", size = 5011, upload-time = "2025-12-06T20:02:04.942Z" }
wheels = [
    { url = "https://files.pythonhosted.org/packages/63/7c/5c2892e6bc0628a2ccf4e938e1e2db22794657ccb374672d66e20d73839e/numpy_typing_compat-20251206.2.4-py3-none-any.whl", hash = "sha256:a82e723bd20efaa4cf2886709d4264c144f1f2b609bda83d1545113b7e47a5b5", size = 6300, upload-time = "2025-12-06T20:01:57.578Z" },
]

[[package]]
name = "optype"
version = "0.17.0"
source = { registry = "https://pypi.org/simple" }
sdist = { url = "https://files.pythonhosted.org/packages/81/9f/3b13bab05debf685678b8af004e46b8c67c6f98ffa08eaf5d33bcf162c16/optype-0.17.0.tar.gz", hash = "sha256:31351a1e64d9eba7bf67e14deefb286e85c66458db63c67dd5e26dd72e4664e5", size = 53484, upload-time = "2026-03-08T23:03:12.594Z" }
wheels = [
    { url = "https://files.pythonhosted.org/packages/6b/44/dca78187415947d1bb90b2ee2a58e47d9573528331e8dc6196996b53612a/optype-0.17.0-py3-none-any.whl", hash = "sha256:8c2d88ff13149454bcf6eb47502f80d288bc542e7238fcc412ac4d222c439397", size = 65854, upload-time = "2026-03-08T23:03:11.425Z" },
]

[package.optional-dependencies]
numpy = [
    { name = "numpy" },
    { name = "numpy-typing-compat" },
]

[[package]]
name = "ruamel-yaml"
version = "0.19.1"
source = { registry = "https://pypi.org/simple" }
sdist = { url = "https://files.pythonhosted.org/packages/c7/3b/ebda527b56beb90cb7652cb1c7e4f91f48649fbcd8d2eb2fb6e77cd3329b/ruamel_yaml-0.19.1.tar.gz", hash = "sha256:53eb66cd27849eff968ebf8f0bf61f46cdac2da1d1f3576dd4ccee9b25c31993", size = 142709, upload-time = "2026-01-02T16:50:31.84Z" }
wheels = [
    { url = "https://files.pythonhosted.org/packages/b8/0c/51f6841f1d84f404f92463fc2b1ba0da357ca1e3db6b7fbda26956c3b82a/ruamel_yaml-0.19.1-py3-none-any.whl", hash = "sha256:27592957fedf6e0b62f281e96effd28043345e0e66001f97683aa9a40c667c93", size = 118102, upload-time = "2026-01-02T16:50:29.201Z" },
]

[[package]]
name = "scipy"
version = "1.17.1"
source = { registry = "https://pypi.org/simple" }
dependencies = [
    { name = "numpy" },
]
sdist = { url = "https://files.pythonhosted.org/packages/7a/97/5a3609c4f8d58b039179648e62dd220f89864f56f7357f5d4f45c29eb2cc/scipy-1.17.1.tar.gz", hash = "sha256:95d8e012d8cb8816c226aef832200b1d45109ed4464303e997c5b13122b297c0", size = 30573822, upload-time = "2026-02-23T00:26:24.851Z" }
wheels = [
    { url = "https://files.pythonhosted.org/packages/cf/83/333afb452af6f0fd70414dc04f898647ee1423979ce02efa75c3b0f2c28e/scipy-1.17.1-cp314-cp314-macosx_10_14_x86_64.whl", hash = "sha256:a48a72c77a310327f6a3a920092fa2b8fd03d7deaa60f093038f22d98e096717", size = 31584510, upload-time = "2026-02-23T00:21:01.015Z" },
    { url = "https://files.pythonhosted.org/packages/ed/a6/d05a85fd51daeb2e4ea71d102f15b34fedca8e931af02594193ae4fd25f7/scipy-1.17.1-cp314-cp314-macosx_12_0_arm64.whl", hash = "sha256:45abad819184f07240d8a696117a7aacd39787af9e0b719d00285549ed19a1e9", size = 28170131, upload-time = "2026-02-23T00:21:05.888Z" },
    { url = "https://files.pythonhosted.org/packages/db/7b/8624a203326675d7746a254083a187398090a179335b2e4a20e2ddc46e83/scipy-1.17.1-cp314-cp314-macosx_14_0_arm64.whl", hash = "sha256:3fd1fcdab3ea951b610dc4cef356d416d5802991e7e32b5254828d342f7b7e0b", size = 20342032, upload-time = "2026-02-23T00:21:09.904Z" },
    { url = "https://files.pythonhosted.org/packages/c9/35/2c342897c00775d688d8ff3987aced3426858fd89d5a0e26e020b660b301/scipy-1.17.1-cp314-cp314-macosx_14_0_x86_64.whl", hash = "sha256:7bdf2da170b67fdf10bca777614b1c7d96ae3ca5794fd9587dce41eb2966e866", size = 22678766, upload-time = "2026-02-23T00:21:14.313Z" },
    { url = "https://files.pythonhosted.org/packages/ef/f2/7cdb8eb308a1a6ae1e19f945913c82c23c0c442a462a46480ce487fdc0ac/scipy-1.17.1-cp314-cp314-manylinux_2_27_aarch64.manylinux_2_28_aarch64.whl", hash = "sha256:adb2642e060a6549c343603a3851ba76ef0b74cc8c079a9a58121c7ec9fe2350", size = 32957007, upload-time = "2026-02-23T00:21:19.663Z" },
    { url = "https://files.pythonhosted.org/packages/0b/2e/7eea398450457ecb54e18e9d10110993fa65561c4f3add5e8eccd2b9cd41/scipy-1.17.1-cp314-cp314-manylinux_2_27_x86_64.manylinux_2_28_x86_64.whl", hash = "sha256:eee2cfda04c00a857206a4330f0c5e3e56535494e30ca445eb19ec624ae75118", size = 35221333, upload-time = "2026-02-23T00:21:25.278Z" },
    { url = "https://files.pythonhosted.org/packages/d9/77/5b8509d03b77f093a0d52e606d3c4f79e8b06d1d38c441dacb1e26cacf46/scipy-1.17.1-cp314-cp314-musllinux_1_2_aarch64.whl", hash = "sha256:d2650c1fb97e184d12d8ba010493ee7b322864f7d3d00d3f9bb97d9c21de4068", size = 35042066, upload-time = "2026-02-23T00:21:31.358Z" },
    { url = "https://files.pythonhosted.org/packages/f9/df/18f80fb99df40b4070328d5ae5c596f2f00fffb50167e31439e932f29e7d/scipy-1.17.1-cp314-cp314-musllinux_1_2_x86_64.whl", hash = "sha256:08b900519463543aa604a06bec02461558a6e1cef8fdbb8098f77a48a83c8118", size = 37612763, upload-time = "2026-02-23T00:21:37.247Z" },
    { url = "https://files.pythonhosted.org/packages/4b/39/f0e8ea762a764a9dc52aa7dabcfad51a354819de1f0d4652b6a1122424d6/scipy-1.17.1-cp314-cp314-win_amd64.whl", hash = "sha256:3877ac408e14da24a6196de0ddcace62092bfc12a83823e92e49e40747e52c19", size = 37290984, upload-time = "2026-02-23T00:22:35.023Z" },
    { url = "https://files.pythonhosted.org/packages/7c/56/fe201e3b0f93d1a8bcf75d3379affd228a63d7e2d80ab45467a74b494947/scipy-1.17.1-cp314-cp314-win_arm64.whl", hash = "sha256:f8885db0bc2bffa59d5c1b72fad7a6a92d3e80e7257f967dd81abb553a90d293", size = 25192877, upload-time = "2026-02-23T00:22:39.798Z" },
    { url = "https://files.pythonhosted.org/packages/96/ad/f8c414e121f82e02d76f310f16db9899c4fcde36710329502a6b2a3c0392/scipy-1.17.1-cp314-cp314t-macosx_10_14_x86_64.whl", hash = "sha256:1cc682cea2ae55524432f3cdff9e9a3be743d52a7443d0cba9017c23c87ae2f6", size = 31949750, upload-time = "2026-02-23T00:21:42.289Z" },
    { url = "https://files.pythonhosted.org/packages/7c/b0/c741e8865d61b67c81e255f4f0a832846c064e426636cd7de84e74d209be/scipy-1.17.1-cp314-cp314t-macosx_12_0_arm64.whl", hash = "sha256:2040ad4d1795a0ae89bfc7e8429677f365d45aa9fd5e4587cf1ea737f927b4a1", size = 28585858, upload-time = "2026-02-23T00:21:47.706Z" },
    { url = "https://files.pythonhosted.org/packages/ed/1b/3985219c6177866628fa7c2595bfd23f193ceebbe472c98a08824b9466ff/scipy-1.17.1-cp314-cp314t-macosx_14_0_arm64.whl", hash = "sha256:131f5aaea57602008f9822e2115029b55d4b5f7c070287699fe45c661d051e39", size = 20757723, upload-time = "2026-02-23T00:21:52.039Z" },
    { url = "https://files.pythonhosted.org/packages/c0/19/2a04aa25050d656d6f7b9e7b685cc83d6957fb101665bfd9369ca6534563/scipy-1.17.1-cp314-cp314t-macosx_14_0_x86_64.whl", hash = "sha256:9cdc1a2fcfd5c52cfb3045feb399f7b3ce822abdde3a193a6b9a60b3cb5854ca", size = 23043098, upload-time = "2026-02-23T00:21:56.185Z" },
    { url = "https://files.pythonhosted.org/packages/86/f1/3383beb9b5d0dbddd030335bf8a8b32d4317185efe495374f134d8be6cce/scipy-1.17.1-cp314-cp314t-manylinux_2_27_aarch64.manylinux_2_28_aarch64.whl", hash = "sha256:6e3dcd57ab780c741fde8dc68619de988b966db759a3c3152e8e9142c26295ad", size = 33030397, upload-time = "2026-02-23T00:22:01.404Z" },
    { url = "https://files.pythonhosted.org/packages/41/68/8f21e8a65a5a03f25a79165ec9d2b28c00e66dc80546cf5eb803aeeff35b/scipy-1.17.1-cp314-cp314t-manylinux_2_27_x86_64.manylinux_2_28_x86_64.whl", hash = "sha256:a9956e4d4f4a301ebf6cde39850333a6b6110799d470dbbb1e25326ac447f52a", size = 35281163, upload-time = "2026-02-23T00:22:07.024Z" },
    { url = "https://files.pythonhosted.org/packages/84/8d/c8a5e19479554007a5632ed7529e665c315ae7492b4f946b0deb39870e39/scipy-1.17.1-cp314-cp314t-musllinux_1_2_aarch64.whl", hash = "sha256:a4328d245944d09fd639771de275701ccadf5f781ba0ff092ad141e017eccda4", size = 35116291, upload-time = "2026-02-23T00:22:12.585Z" },
    { url = "https://files.pythonhosted.org/packages/52/52/e57eceff0e342a1f50e274264ed47497b59e6a4e3118808ee58ddda7b74a/scipy-1.17.1-cp314-cp314t-musllinux_1_2_x86_64.whl", hash = "sha256:a77cbd07b940d326d39a1d1b37817e2ee4d79cb30e7338f3d0cddffae70fcaa2", size = 37682317, upload-time = "2026-02-23T00:22:18.513Z" },
    { url = "https://files.pythonhosted.org/packages/11/2f/b29eafe4a3fbc3d6de9662b36e028d5f039e72d345e05c250e121a230dd4/scipy-1.17.1-cp314-cp314t-win_amd64.whl", hash = "sha256:eb092099205ef62cd1782b006658db09e2fed75bffcae7cc0d44052d8aa0f484", size = 37345327, upload-time = "2026-02-23T00:22:24.442Z" },
    { url = "https://files.pythonhosted.org/packages/07/39/338d9219c4e87f3e708f18857ecd24d22a0c3094752393319553096b98af/scipy-1.17.1-cp314-cp314t-win_arm64.whl", hash = "sha256:200e1050faffacc162be6a486a984a0497866ec54149a01270adc8a59b7c7d21", size = 25489165, upload-time = "2026-02-23T00:22:29.563Z" },
]

[[package]]
name = "scipy-stubs"
version = "1.17.1.4"
source = { registry = "https://pypi.org/simple" }
dependencies = [
    { name = "optype", extra = ["numpy"] },
]
sdist = { url = "https://files.pythonhosted.org/packages/d1/75/d944a11fca64aa84fbb4bfcf613b758319c6103cb30a304a0e9727009d62/scipy_stubs-1.17.1.4.tar.gz", hash = "sha256:cae00c5207aa62ceb4bcadea202d9fbbf002e958f9e4de981720436b8d5c1802", size = 396980, upload-time = "2026-04-13T11:46:54.528Z" }
wheels = [
    { url = "https://files.pythonhosted.org/packages/92/f8/334aa5a7a482ea89cb14d92f6a4d9ffa1e193e733144d4d14c7ffcb33583/scipy_stubs-1.17.1.4-py3-none-any.whl", hash = "sha256:e6e5c390fb864745bc3d5f591de81f5cb4f84403857d4f660acb5b6339956f5b", size = 604752, upload-time = "2026-04-13T11:46:53.135Z" },
]

[[package]]
name = "tac"
version = "0.1.0"
source = { virtual = "." }
dependencies = [
    { name = "cantera" },
    { name = "numba" },
    { name = "numpy" },
    { name = "scipy" },
    { name = "scipy-stubs" },
]

[package.metadata]
requires-dist = [
    { name = "cantera", specifier = ">=3.2.0" },
    { name = "numba", specifier = ">=0.65.0" },
    { name = "numpy", specifier = ">=2.4.4" },
    { name = "scipy", specifier = ">=1.17.1" },
    { name = "scipy-stubs", specifier = "~=1.17.1" },
]

[[package]]
name = "typing-extensions"
version = "4.15.0"
source = { registry = "https://pypi.org/simple" }
sdist = { url = "https://files.pythonhosted.org/packages/72/94/1a15dd82efb362ac84269196e94cf00f187f7ed21c242792a923cdb1c61f/typing_extensions-4.15.0.tar.gz", hash = "sha256:0cea48d173cc12fa28ecabc3b837ea3cf6f38c6d1136f85cbaaf598984861466", size = 109391, upload-time = "2025-08-25T13:49:26.313Z" }
wheels = [
    { url = "https://files.pythonhosted.org/packages/18/67/36e9267722cc04a6b9f15c7f3441c2363321a3ea07da7ae0c0707beb2a9c/typing_extensions-4.15.0-py3-none-any.whl", hash = "sha256:f0fa19c6845758ab08074a0cfa8b7aecb71c999ca73d62883bc25cc018c4e548", size = 44614, upload-time = "2025-08-25T13:49:24.86Z" },
]
